
Microsoft Visual Studio Solution File, Format Version 12.00
# Visual Studio 2017
Project("{FAE04EC0-301F-11D3-BF4B-00C04F79EFBC}") = "Augmented Reality 1", "Augmented Reality 1.csproj", "{B8B0AD45-40A9-C627-4716-DBB5BE931A79}"
EndProject
Project("{FAE04EC0-301F-11D3-BF4B-00C04F79EFBC}") = "Augmented Reality 1.Editor", "Augmented Reality 1.Editor.csproj", "{50B53889-0C95-0607-FC6F-BDF0E63FD5C0}"
EndProject
Global
	GlobalSection(SolutionConfigurationPlatforms) = preSolution
		Debug|Any CPU = Debug|Any CPU
		Release|Any CPU = Release|Any CPU
	EndGlobalSection
	GlobalSection(ProjectConfigurationPlatforms) = postSolution
		{B8B0AD45-40A9-C627-4716-DBB5BE931A79}.Debug|Any CPU.ActiveCfg = Debug|Any CPU
		{B8B0AD45-40A9-C627-4716-DBB5BE931A79}.Debug|Any CPU.Build.0 = Debug|Any CPU
		{B8B0AD45-40A9-C627-4716-DBB5BE931A79}.Release|Any CPU.ActiveCfg = Release|Any CPU
		{B8B0AD45-40A9-C627-4716-DBB5BE931A79}.Release|Any CPU.Build.0 = Release|Any CPU
		{50B53889-0C95-0607-FC6F-BDF0E63FD5C0}.Debug|Any CPU.ActiveCfg = Debug|Any CPU
		{50B53889-0C95-0607-FC6F-BDF0E63FD5C0}.Debug|Any CPU.Build.0 = Debug|Any CPU
		{50B53889-0C95-0607-FC6F-BDF0E63FD5C0}.Release|Any CPU.ActiveCfg = Release|Any CPU
		{50B53889-0C95-0607-FC6F-BDF0E63FD5C0}.Release|Any CPU.Build.0 = Release|Any CPU
	EndGlobalSection
	GlobalSection(SolutionProperties) = preSolution
		HideSolutionNode = FALSE
	EndGlobalSection
EndGlobal
